
Microsoft Visual Studio Solution File, Format Version 12.00
# Visual Studio 15
VisualStudioVersion = 15.0.28010.2041
MinimumVisualStudioVersion = 10.0.40219.1
Project("{FAE04EC0-301F-11D3-BF4B-00C04F79EFBC}") = "BugTracer", "BugTracer\BugTracer.csproj", "{1ADC31C3-3059-416D-91F0-B9D0B383DEBF}"
EndProject
Global
	GlobalSection(SolutionConfigurationPlatforms) = preSolution
		Debug|Any CPU = Debug|Any CPU
		Release|Any CPU = Release|Any CPU
	EndGlobalSection
	GlobalSection(ProjectConfigurationPlatforms) = postSolution
		{1ADC31C3-3059-416D-91F0-B9D0B383DEBF}.Debug|Any CPU.ActiveCfg = Debug|Any CPU
		{1ADC31C3-3059-416D-91F0-B9D0B383DEBF}.Debug|Any CPU.Build.0 = Debug|Any CPU
		{1ADC31C3-3059-416D-91F0-B9D0B383DEBF}.Release|Any CPU.ActiveCfg = Release|Any CPU
		{1ADC31C3-3059-416D-91F0-B9D0B383DEBF}.Release|Any CPU.Build.0 = Release|Any CPU
	EndGlobalSection
	GlobalSection(SolutionProperties) = preSolution
		HideSolutionNode = FALSE
	EndGlobalSection
	GlobalSection(ExtensibilityGlobals) = postSolution
		SolutionGuid = {7C68AE5B-8BD4-44DB-97CA-642B90F532D8}
	EndGlobalSection
EndGlobal
